Microsoft Visual Studio Solution File, Format Version 12.00
# Visual Studio 2012
Project("{FAE04EC0-301F-11D3-BF4B-00C04F79EFBC}") = "Vampire Survivor-like", "Vampire Survivor-like.csproj", "{9C8FD802-B3CA-45BB-A8DB-61C729B93B59}"
EndProject
Global
	GlobalSection(SolutionConfigurationPlatforms) = preSolution
	Debug|Any CPU = Debug|Any CPU
	ExportDebug|Any CPU = ExportDebug|Any CPU
	ExportRelease|Any CPU = ExportRelease|Any CPU
	EndGlobalSection
	GlobalSection(ProjectConfigurationPlatforms) = postSolution
		{9C8FD802-B3CA-45BB-A8DB-61C729B93B59}.Debug|Any CPU.ActiveCfg = Debug|Any CPU
		{9C8FD802-B3CA-45BB-A8DB-61C729B93B59}.Debug|Any CPU.Build.0 = Debug|Any CPU
		{9C8FD802-B3CA-45BB-A8DB-61C729B93B59}.ExportDebug|Any CPU.ActiveCfg = ExportDebug|Any CPU
		{9C8FD802-B3CA-45BB-A8DB-61C729B93B59}.ExportDebug|Any CPU.Build.0 = ExportDebug|Any CPU
		{9C8FD802-B3CA-45BB-A8DB-61C729B93B59}.ExportRelease|Any CPU.ActiveCfg = ExportRelease|Any CPU
		{9C8FD802-B3CA-45BB-A8DB-61C729B93B59}.ExportRelease|Any CPU.Build.0 = ExportRelease|Any CPU
	EndGlobalSection
EndGlobal
